
Microsoft Visual Studio Solution File, Format Version 12.00
# Visual Studio Version 17
VisualStudioVersion = 17.8.34330.188
MinimumVisualStudioVersion = 10.0.40219.1
Project("{FAE04EC0-301F-11D3-BF4B-00C04F79EFBC}") = "Sistema_Pasantia", "Sistema_Pasantia\Sistema_Pasantia.csproj", "{D09EE06F-E414-4D7B-BC71-2B53727B862B}"
EndProject
Global
	GlobalSection(SolutionConfigurationPlatforms) = preSolution
		Debug|Any CPU = Debug|Any CPU
		Release|Any CPU = Release|Any CPU
	EndGlobalSection
	GlobalSection(ProjectConfigurationPlatforms) = postSolution
		{D09EE06F-E414-4D7B-BC71-2B53727B862B}.Debug|Any CPU.ActiveCfg = Debug|Any CPU
		{D09EE06F-E414-4D7B-BC71-2B53727B862B}.Debug|Any CPU.Build.0 = Debug|Any CPU
		{D09EE06F-E414-4D7B-BC71-2B53727B862B}.Release|Any CPU.ActiveCfg = Release|Any CPU
		{D09EE06F-E414-4D7B-BC71-2B53727B862B}.Release|Any CPU.Build.0 = Release|Any CPU
	EndGlobalSection
	GlobalSection(SolutionProperties) = preSolution
		HideSolutionNode = FALSE
	EndGlobalSection
	GlobalSection(ExtensibilityGlobals) = postSolution
		SolutionGuid = {EBC14AB8-2343-4FB6-9A09-243DCB0B2AAD}
	EndGlobalSection
EndGlobal
